
Microsoft Visual Studio Solution File, Format Version 12.00
# Visual Studio 14
VisualStudioVersion = 14.0.25420.1
MinimumVisualStudioVersion = 10.0.40219.1
Project("{2150E333-8FDC-42A3-9474-1A3956D46DE8}") = "libraries", "libraries", "{5C3630DF-8D80-4B87-A7F2-DBEC8ADBB22E}"
	ProjectSection(SolutionItems) = preProject
		libraries\Microsoft.Lync.Model.dll = libraries\Microsoft.Lync.Model.dll
		libraries\Microsoft.Lync.Utilities.dll = libraries\Microsoft.Lync.Utilities.dll
		libraries\Microsoft.Office.Uc.dll = libraries\Microsoft.Office.Uc.dll
	EndProjectSection
EndProject
Project("{FAE04EC0-301F-11D3-BF4B-00C04F79EFBC}") = "netsdk", "netsdk\netsdk.csproj", "{E8AB52C4-6F30-4D36-AE7A-765BF11752A7}"
EndProject
Global
	GlobalSection(SolutionConfigurationPlatforms) = preSolution
		Debug|Any CPU = Debug|Any CPU
		Release|Any CPU = Release|Any CPU
	EndGlobalSection
	GlobalSection(ProjectConfigurationPlatforms) = postSolution
		{E8AB52C4-6F30-4D36-AE7A-765BF11752A7}.Debug|Any CPU.ActiveCfg = Debug|Any CPU
		{E8AB52C4-6F30-4D36-AE7A-765BF11752A7}.Debug|Any CPU.Build.0 = Debug|Any CPU
		{E8AB52C4-6F30-4D36-AE7A-765BF11752A7}.Release|Any CPU.ActiveCfg = Release|Any CPU
		{E8AB52C4-6F30-4D36-AE7A-765BF11752A7}.Release|Any CPU.Build.0 = Release|Any CPU
	EndGlobalSection
	GlobalSection(SolutionProperties) = preSolution
		HideSolutionNode = FALSE
	EndGlobalSection
EndGlobal
